{
  "name": "@kubilaycakmak/viewports",
  "version": "1.0.5",
  "lockfileVersion": 3,
  "requires": true,
  "packages": {
    "": {
      "name": "@kubilaycakmak/viewports",
      "version": "1.0.5",
      "license": "MIT",
      "bin": {
        "viewports": "bin/viewports.js"
      },
      "engines": {
        "node": ">=18.0.0"
      }
    }
  }
}
